
Microsoft Visual Studio Solution File, Format Version 12.00
# Visual Studio Version 16
VisualStudioVersion = 16.0.29920.165
MinimumVisualStudioVersion = 10.0.40219.1
Project("{9A19103F-16F7-4668-BE54-9A1E7A4F7556}") = "ArtShop3", "ArtShop3.csproj", "{DC260472-4A80-4305-B865-1EDA76FC6C4E}"
EndProject
Global
	GlobalSection(SolutionConfigurationPlatforms) = preSolution
		Debug|Any CPU = Debug|Any CPU
		Release|Any CPU = Release|Any CPU
	EndGlobalSection
	GlobalSection(ProjectConfigurationPlatforms) = postSolution
		{DC260472-4A80-4305-B865-1EDA76FC6C4E}.Debug|Any CPU.ActiveCfg = Debug|Any CPU
		{DC260472-4A80-4305-B865-1EDA76FC6C4E}.Debug|Any CPU.Build.0 = Debug|Any CPU
		{DC260472-4A80-4305-B865-1EDA76FC6C4E}.Release|Any CPU.ActiveCfg = Release|Any CPU
		{DC260472-4A80-4305-B865-1EDA76FC6C4E}.Release|Any CPU.Build.0 = Release|Any CPU
	EndGlobalSection
	GlobalSection(SolutionProperties) = preSolution
		HideSolutionNode = FALSE
	EndGlobalSection
	GlobalSection(ExtensibilityGlobals) = postSolution
		SolutionGuid = {C7C010F8-15D6-4E15-B1B4-2B8A24059069}
	EndGlobalSection
EndGlobal
